
Microsoft Visual Studio Solution File, Format Version 12.00
# Visual Studio Version 16
VisualStudioVersion = 16.0.30503.244
MinimumVisualStudioVersion = 10.0.40219.1
Project("{FAE04EC0-301F-11D3-BF4B-00C04F79EFBC}") = "9567A V00 - PI", "9567A V00 - PI\9567A V00 - PI.csproj", "{D6B87081-B477-4B97-95AB-688A67C6219B}"
EndProject
Project("{FAE04EC0-301F-11D3-BF4B-00C04F79EFBC}") = "FtdAdapter", "9567A V00 - PI\FtdAdapter\FtdAdapter.csproj", "{16FFB4F2-5556-439E-8729-92FB3425EF1F}"
EndProject
Project("{FAE04EC0-301F-11D3-BF4B-00C04F79EFBC}") = "Modbus", "9567A V00 - PI\Modbus\Modbus.csproj", "{FF96B252-2B24-44A1-A09C-6401B5D7ED23}"
EndProject
Project("{FAE04EC0-301F-11D3-BF4B-00C04F79EFBC}") = "Modbus.Extensions", "9567A V00 - PI\Modbus.Extensions\Modbus.Extensions.csproj", "{667F4D2C-C9DF-4CC4-A1A6-768F6E879CE5}"
EndProject
Project("{2150E333-8FDC-42A3-9474-1A3956D46DE8}") = "lib", "lib", "{27B1C98F-F069-4C62-B41F-DBBCD9ACA3A7}"
	ProjectSection(SolutionItems) = preProject
		lib\FTD2XX.dll = lib\FTD2XX.dll
		lib\log4net\log4net.dll = lib\log4net\log4net.dll
		lib\Unme\Unme.Common.dll = lib\Unme\Unme.Common.dll
		lib\Unme\Unme.Common.XML = lib\Unme\Unme.Common.XML
		lib\Unme\Unme.MbUnit.Framework.Extensions.dll = lib\Unme\Unme.MbUnit.Framework.Extensions.dll
	EndProjectSection
EndProject
Global
	GlobalSection(SolutionConfigurationPlatforms) = preSolution
		Debug|Any CPU = Debug|Any CPU
		Release|Any CPU = Release|Any CPU
		SignedRelease|Any CPU = SignedRelease|Any CPU
	EndGlobalSection
	GlobalSection(ProjectConfigurationPlatforms) = postSolution
		{D6B87081-B477-4B97-95AB-688A67C6219B}.Debug|Any CPU.ActiveCfg = Debug|Any CPU
		{D6B87081-B477-4B97-95AB-688A67C6219B}.Debug|Any CPU.Build.0 = Debug|Any CPU
		{D6B87081-B477-4B97-95AB-688A67C6219B}.Release|Any CPU.ActiveCfg = Release|Any CPU
		{D6B87081-B477-4B97-95AB-688A67C6219B}.Release|Any CPU.Build.0 = Release|Any CPU
		{D6B87081-B477-4B97-95AB-688A67C6219B}.SignedRelease|Any CPU.ActiveCfg = Release|Any CPU
		{D6B87081-B477-4B97-95AB-688A67C6219B}.SignedRelease|Any CPU.Build.0 = Release|Any CPU
		{16FFB4F2-5556-439E-8729-92FB3425EF1F}.Debug|Any CPU.ActiveCfg = Debug|Any CPU
		{16FFB4F2-5556-439E-8729-92FB3425EF1F}.Debug|Any CPU.Build.0 = Debug|Any CPU
		{16FFB4F2-5556-439E-8729-92FB3425EF1F}.Release|Any CPU.ActiveCfg = Release|Any CPU
		{16FFB4F2-5556-439E-8729-92FB3425EF1F}.Release|Any CPU.Build.0 = Release|Any CPU
		{16FFB4F2-5556-439E-8729-92FB3425EF1F}.SignedRelease|Any CPU.ActiveCfg = SignedRelease|Any CPU
		{16FFB4F2-5556-439E-8729-92FB3425EF1F}.SignedRelease|Any CPU.Build.0 = SignedRelease|Any CPU
		{FF96B252-2B24-44A1-A09C-6401B5D7ED23}.Debug|Any CPU.ActiveCfg = Debug|Any CPU
		{FF96B252-2B24-44A1-A09C-6401B5D7ED23}.Debug|Any CPU.Build.0 = Debug|Any CPU
		{FF96B252-2B24-44A1-A09C-6401B5D7ED23}.Release|Any CPU.ActiveCfg = Release|Any CPU
		{FF96B252-2B24-44A1-A09C-6401B5D7ED23}.Release|Any CPU.Build.0 = Release|Any CPU
		{FF96B252-2B24-44A1-A09C-6401B5D7ED23}.SignedRelease|Any CPU.ActiveCfg = SignedRelease|Any CPU
		{FF96B252-2B24-44A1-A09C-6401B5D7ED23}.SignedRelease|Any CPU.Build.0 = SignedRelease|Any CPU
		{667F4D2C-C9DF-4CC4-A1A6-768F6E879CE5}.Debug|Any CPU.ActiveCfg = Debug|Any CPU
		{667F4D2C-C9DF-4CC4-A1A6-768F6E879CE5}.Debug|Any CPU.Build.0 = Debug|Any CPU
		{667F4D2C-C9DF-4CC4-A1A6-768F6E879CE5}.Release|Any CPU.ActiveCfg = Release|Any CPU
		{667F4D2C-C9DF-4CC4-A1A6-768F6E879CE5}.Release|Any CPU.Build.0 = Release|Any CPU
		{667F4D2C-C9DF-4CC4-A1A6-768F6E879CE5}.SignedRelease|Any CPU.ActiveCfg = SignedRelease|Any CPU
		{667F4D2C-C9DF-4CC4-A1A6-768F6E879CE5}.SignedRelease|Any CPU.Build.0 = SignedRelease|Any CPU
	EndGlobalSection
	GlobalSection(SolutionProperties) = preSolution
		HideSolutionNode = FALSE
	EndGlobalSection
	GlobalSection(ExtensibilityGlobals) = postSolution
		SolutionGuid = {75DB7033-9BCB-4066-B8EB-B02C397A7857}
	EndGlobalSection
EndGlobal
